
Microsoft Visual Studio Solution File, Format Version 12.00
Project("{FAE04EC0-301F-11D3-BF4B-00C04F79EFBC}") = "Durangling", "Durangling\Durangling.csproj", "{5A686373-BBD0-4EC8-BEE2-4243D71C4C4C}"
EndProject
Project("{8BC9CEB8-8B4A-11D0-8D11-00A0C91BC942}") = "Detours", "Detours\vc\Detours.vcxproj", "{37489709-8054-4903-9C49-A79846049FC9}"
EndProject
Global
	GlobalSection(SolutionConfigurationPlatforms) = preSolution
		Debug|Any CPU = Debug|Any CPU
		Release|Any CPU = Release|Any CPU
	EndGlobalSection
	GlobalSection(ProjectConfigurationPlatforms) = postSolution
		{5A686373-BBD0-4EC8-BEE2-4243D71C4C4C}.Debug|Any CPU.ActiveCfg = Debug|Any CPU
		{5A686373-BBD0-4EC8-BEE2-4243D71C4C4C}.Debug|Any CPU.Build.0 = Debug|Any CPU
		{5A686373-BBD0-4EC8-BEE2-4243D71C4C4C}.Release|Any CPU.ActiveCfg = Release|Any CPU
		{5A686373-BBD0-4EC8-BEE2-4243D71C4C4C}.Release|Any CPU.Build.0 = Release|Any CPU
		{37489709-8054-4903-9C49-A79846049FC9}.Release|Any CPU.ActiveCfg = DebugMDd|Win32
		{37489709-8054-4903-9C49-A79846049FC9}.Release|Any CPU.Build.0 = DebugMDd|Win32
		{37489709-8054-4903-9C49-A79846049FC9}.Debug|Any CPU.ActiveCfg = ReleaseMD|x64
		{37489709-8054-4903-9C49-A79846049FC9}.Debug|Any CPU.Build.0 = ReleaseMD|x64
	EndGlobalSection
EndGlobal
